// !$*UTF8*$!
{
	archiveVersion = 1;
	classes = {
	};
	objectVersion = 50;
	objects = {

/* Begin PBXBuildFile section */
		1792989824DA28380019D9B1 /* AppDelegate.swift in Sources */ = {isa = PBXBuildFile; fileRef = 1792989724DA28380019D9B1 /* AppDelegate.swift */; };
		1792989A24DA28380019D9B1 /* SceneDelegate.swift in Sources */ = {isa = PBXBuildFile; fileRef = 1792989924DA28380019D9B1 /* SceneDelegate.swift */; };
		1792989C24DA28380019D9B1 /* ViewController.swift in Sources */ = {isa = PBXBuildFile; fileRef = 1792989B24DA28380019D9B1 /* ViewController.swift */; };
		1792989F24DA28380019D9B1 /* Main.storyboard in Resources */ = {isa = PBXBuildFile; fileRef = 1792989D24DA28380019D9B1 /* Main.storyboard */; };
		179298A224DA28380019D9B1 /* SAEtOApp.xcdatamodeld in Sources */ = {isa = PBXBuildFile; fileRef = 179298A024DA28380019D9B1 /* SAEtOApp.xcdatamodeld */; };
		179298A424DA28430019D9B1 /* Assets.xcassets in Resources */ = {isa = PBXBuildFile; fileRef = 179298A324DA28430019D9B1 /* Assets.xcassets */; };
		179298A724DA28430019D9B1 /* LaunchScreen.storyboard in Resources */ = {isa = PBXBuildFile; fileRef = 179298A524DA28430019D9B1 /* LaunchScreen.storyboard */; };
/* End PBXBuildFile section */

/* Begin PBXFileReference section */
		1792989424DA28380019D9B1 /* SAEtOApp.app */ = {isa = PBXFileReference; explicitFileType = wrapper.application; includeInIndex = 0; path = SAEtOApp.app; sourceTree = BUILT_PRODUCTS_DIR; };
		1792989724DA28380019D9B1 /* AppDelegate.swift */ = {isa = PBXFileReference; lastKnownFileType = sourcecode.swift; path = AppDelegate.swift; sourceTree = "<group>"; };
		1792989924DA28380019D9B1 /* SceneDelegate.swift */ = {isa = PBXFileReference; lastKnownFileType = sourcecode.swift; path = SceneDelegate.swift; sourceTree = "<group>"; };
		1792989B24DA28380019D9B1 /* ViewController.swift */ = {isa = PBXFileReference; lastKnownFileType = sourcecode.swift; path = ViewController.swift; sourceTree = "<group>"; };
		1792989E24DA28380019D9B1 /* Base */ = {isa = PBXFileReference; lastKnownFileType = file.storyboard; name = Base; path = Base.lproj/Main.storyboard; sourceTree = "<group>"; };
		179298A124DA28380019D9B1 /* SAEtOApp.xcdatamodel */ = {isa = PBXFileReference; lastKnownFileType = wrapper.xcdatamodel; path = SAEtOApp.xcdatamodel; sourceTree = "<group>"; };
		179298A324DA28430019D9B1 /* Assets.xcassets */ = {isa = PBXFileReference; lastKnownFileType = folder.assetcatalog; path = Assets.xcassets; sourceTree = "<group>"; };
		179298A624DA28430019D9B1 /* Base */ = {isa = PBXFileReference; lastKnownFileType = file.storyboard; name = Base; path = Base.lproj/LaunchScreen.storyboard; sourceTree = "<group>"; };
		179298A824DA28430019D9B1 /* Info.plist */ = {isa = PBXFileReference; lastKnownFileType = text.plist.xml; path = Info.plist; sourceTree = "<group>"; };
/* End PBXFileReference section */

/* Begin PBXFrameworksBuildPhase section */
		1792989124DA28380019D9B1 /* Frameworks */ = {
			isa = PBXFrameworksBuildPhase;
			buildActionMask = 2147483647;
			files = (
			);
			runOnlyForDeploymentPostprocessing = 0;
		};
/* End PBXFrameworksBuildPhase section */

/* Begin PBXGroup section */
		1792988B24DA28380019D9B1 = {
			isa = PBXGroup;
			children = (
				1792989624DA28380019D9B1 /* SAEtOApp */,
				1792989524DA28380019D9B1 /* Products */,
			);
			sourceTree = "<group>";
		};
		1792989524DA28380019D9B1 /* Products */ = {
			isa = PBXGroup;
			children = (
				1792989424DA28380019D9B1 /* SAEtOApp.app */,
			);
			name = Products;
			sourceTree = "<group>";
		};
		1792989624DA28380019D9B1 /* SAEtOApp */ = {
			isa = PBXGroup;
			children = (
				1792989724DA28380019D9B1 /* AppDelegate.swift */,
				1792989924DA28380019D9B1 /* SceneDelegate.swift */,
				1792989B24DA28380019D9B1 /* ViewController.swift */,
				1792989D24DA28380019D9B1 /* Main.storyboard */,
				179298A324DA28430019D9B1 /* Assets.xcassets */,
				179298A524DA28430019D9B1 /* LaunchScreen.storyboard */,
				179298A824DA28430019D9B1 /* Info.plist */,
				179298A024DA28380019D9B1 /* SAEtOApp.xcdatamodeld */,
			);
			path = SAEtOApp;
			sourceTree = "<group>";
		};
/* End PBXGroup section */

/* Begin PBXNativeTarget section */
		1792989324DA28380019D9B1 /* SAEtOApp */ = {
			isa = PBXNativeTarget;
			buildConfigurationList = 179298AB24DA28430019D9B1 /* Build configuration list for PBXNativeTarget "SAEtOApp" */;
			buildPhases = (
				1792989024DA28380019D9B1 /* Sources */,
				1792989124DA28380019D9B1 /* Frameworks */,
				1792989224DA28380019D9B1 /* Resources */,
			);
			buildRules = (
			);
			dependencies = (
			);
			name = SAEtOApp;
			productName = SAEtOApp;
			productReference = 1792989424DA28380019D9B1 /* SAEtOApp.app */;
			productType = "com.apple.product-type.application";
		};
/* End PBXNativeTarget section */

/* Begin PBXProject section */
		1792988C24DA28380019D9B1 /* Project object */ = {
			isa = PBXProject;
			attributes = {
				LastSwiftUpdateCheck = 1150;
				LastUpgradeCheck = 1150;
				ORGANIZATIONNAME = AlexandraCollins;
				TargetAttributes = {
					1792989324DA28380019D9B1 = {
						CreatedOnToolsVersion = 11.5;
					};
				};
			};
			buildConfigurationList = 1792988F24DA28380019D9B1 /* Build configuration list for PBXProject "SAEtOApp" */;
			compatibilityVersion = "Xcode 9.3";
			developmentRegion = en;
			hasScannedForEncodings = 0;
			knownRegions = (
				en,
				Base,
			);
			mainGroup = 1792988B24DA28380019D9B1;
			productRefGroup = 1792989524DA28380019D9B1 /* Products */;
			projectDirPath = "";
			projectRoot = "";
			targets = (
				1792989324DA28380019D9B1 /* SAEtOApp */,
			);
		};
/* End PBXProject section */

/* Begin PBXResourcesBuildPhase section */
		1792989224DA28380019D9B1 /* Resources */ = {
			isa = PBXResourcesBuildPhase;
			buildActionMask = 2147483647;
			files = (
				179298A724DA28430019D9B1 /* LaunchScreen.storyboard in Resources */,
				179298A424DA28430019D9B1 /* Assets.xcassets in Resources */,
				1792989F24DA28380019D9B1 /* Main.storyboard in Resources */,
			);
			runOnlyForDeploymentPostprocessing = 0;
		};
/* End PBXResourcesBuildPhase section */

/* Begin PBXSourcesBuildPhase section */
		1792989024DA28380019D9B1 /* Sources */ = {
			isa = PBXSourcesBuildPhase;
			buildActionMask = 2147483647;
			files = (
				1792989C24DA28380019D9B1 /* ViewController.swift in Sources */,
				1792989824DA28380019D9B1 /* AppDelegate.swift in Sources */,
				179298A224DA28380019D9B1 /* SAEtOApp.xcdatamodeld in Sources */,
				1792989A24DA28380019D9B1 /* SceneDelegate.swift in Sources */,
			);
			runOnlyForDeploymentPostprocessing = 0;
		};
/* End PBXSourcesBuildPhase section */

/* Begin PBXVariantGroup section */
		1792989D24DA28380019D9B1 /* Main.storyboard */ = {
			isa = PBXVariantGroup;
			children = (
				1792989E24DA28380019D9B1 /* Base */,
			);
			name = Main.storyboard;
			sourceTree = "<group>";
		};
		179298A524DA28430019D9B1 /* LaunchScreen.storyboard */ = {
			isa = PBXVariantGroup;
			children = (
				179298A624DA28430019D9B1 /* Base */,
			);
			name = LaunchScreen.storyboard;
			sourceTree = "<group>";
		};
/* End PBXVariantGroup section */

/* Begin XCBuildConfiguration section */
		179298A924DA28430019D9B1 /* Debug */ = {
			isa = XCBuildConfiguration;
			buildSettings = {
				ALWAYS_SEARCH_USER_PATHS = NO;
				CLANG_ANALYZER_NONNULL = YES;
				CLANG_ANALYZER_NUMBER_OBJECT_CONVERSION = YES_AGGRESSIVE;
				CLANG_CXX_LANGUAGE_STANDARD = "gnu++14";
				CLANG_CXX_LIBRARY = "libc++";
				CLANG_ENABLE_MODULES = YES;
				CLANG_ENABLE_OBJC_ARC = YES;
				CLANG_ENABLE_OBJC_WEAK = YES;
				CLANG_WARN_BLOCK_CAPTURE_AUTORELEASING = YES;
				CLANG_WARN_BOOL_CONVERSION = YES;
				CLANG_WARN_COMMA = YES;
				CLANG_WARN_CONSTANT_CONVERSION = YES;
				CLANG_WARN_DEPRECATED_OBJC_IMPLEMENTATIONS = YES;
				CLANG_WARN_DIRECT_OBJC_ISA_USAGE = YES_ERROR;
				CLANG_WARN_DOCUMENTATION_COMMENTS = YES;
				CLANG_WARN_EMPTY_BODY = YES;
				CLANG_WARN_ENUM_CONVERSION = YES;
				CLANG_WARN_INFINITE_RECURSION = YES;
				CLANG_WARN_INT_CONVERSION = YES;
				CLANG_WARN_NON_LITERAL_NULL_CONVERSION = YES;
				CLANG_WARN_OBJC_IMPLICIT_RETAIN_SELF = YES;
				CLANG_WARN_OBJC_LITERAL_CONVERSION = YES;
				CLANG_WARN_OBJC_ROOT_CLASS = YES_ERROR;
				CLANG_WARN_RANGE_LOOP_ANALYSIS = YES;
				CLANG_WARN_STRICT_PROTOTYPES = YES;
				CLANG_WARN_SUSPICIOUS_MOVE = YES;
				CLANG_WARN_UNGUARDED_AVAILABILITY = YES_AGGRESSIVE;
				CLANG_WARN_UNREACHABLE_CODE = YES;
				CLANG_WARN__DUPLICATE_METHOD_MATCH = YES;
				COPY_PHASE_STRIP = NO;
				DEBUG_INFORMATION_FORMAT = dwarf;
				ENABLE_STRICT_OBJC_MSGSEND = YES;
				ENABLE_TESTABILITY = YES;
				GCC_C_LANGUAGE_STANDARD = gnu11;
				GCC_DYNAMIC_NO_PIC = NO;
				GCC_NO_COMMON_BLOCKS = YES;
				GCC_OPTIMIZATION_LEVEL = 0;
				GCC_PREPROCESSOR_DEFINITIONS = (
					"DEBUG=1",
					"$(inherited)",
				);
				GCC_WARN_64_TO_32_BIT_CONVERSION = YES;
				GCC_WARN_ABOUT_RETURN_TYPE = YES_ERROR;
				GCC_WARN_UNDECLARED_SELECTOR = YES;
				GCC_WARN_UNINITIALIZED_AUTOS = YES_AGGRESSIVE;
				GCC_WARN_UNUSED_FUNCTION = YES;
				GCC_WARN_UNUSED_VARIABLE = YES;
				IPHONEOS_DEPLOYMENT_TARGET = 13.5;
				MTL_ENABLE_DEBUG_INFO = INCLUDE_SOURCE;
				MTL_FAST_MATH = YES;
				ONLY_ACTIVE_ARCH = YES;
				SDKROOT = iphoneos;
				SWIFT_ACTIVE_COMPILATION_CONDITIONS = DEBUG;
				SWIFT_OPTIMIZATION_LEVEL = "-Onone";
			};
			name = Debug;
		};
		179298AA24DA28430019D9B1 /* Release */ = {
			isa = XCBuildConfiguration;
			buildSettings = {
				ALWAYS_SEARCH_USER_PATHS = NO;
				CLANG_ANALYZER_NONNULL = YES;
				CLANG_ANALYZER_NUMBER_OBJECT_CONVERSION = YES_AGGRESSIVE;
				CLANG_CXX_LANGUAGE_STANDARD = "gnu++14";
				CLANG_CXX_LIBRARY = "libc++";
				CLANG_ENABLE_MODULES = YES;
				CLANG_ENABLE_OBJC_ARC = YES;
				CLANG_ENABLE_OBJC_WEAK = YES;
				CLANG_WARN_BLOCK_CAPTURE_AUTORELEASING = YES;
				CLANG_WARN_BOOL_CONVERSION = YES;
				CLANG_WARN_COMMA = YES;
				CLANG_WARN_CONSTANT_CONVERSION = YES;
				CLANG_WARN_DEPRECATED_OBJC_IMPLEMENTATIONS = YES;
				CLANG_WARN_DIRECT_OBJC_ISA_USAGE = YES_ERROR;
				CLANG_WARN_DOCUMENTATION_COMMENTS = YES;
				CLANG_WARN_EMPTY_BODY = YES;
				CLANG_WARN_ENUM_CONVERSION = YES;
				CLANG_WARN_INFINITE_RECURSION = YES;
				CLANG_WARN_INT_CONVERSION = YES;
				CLANG_WARN_NON_LITERAL_NULL_CONVERSION = YES;
				CLANG_WARN_OBJC_IMPLICIT_RETAIN_SELF = YES;
				CLANG_WARN_OBJC_LITERAL_CONVERSION = YES;
				CLANG_WARN_OBJC_ROOT_CLASS = YES_ERROR;
				CLANG_WARN_RANGE_LOOP_ANALYSIS = YES;
				CLANG_WARN_STRICT_PROTOTYPES = YES;
				CLANG_WARN_SUSPICIOUS_MOVE = YES;
				CLANG_WARN_UNGUARDED_AVAILABILITY = YES_AGGRESSIVE;
				CLANG_WARN_UNREACHABLE_CODE = YES;
				CLANG_WARN__DUPLICATE_METHOD_MATCH = YES;
				COPY_PHASE_STRIP = NO;
				DEBUG_INFORMATION_FORMAT = "dwarf-with-dsym";
				ENABLE_NS_ASSERTIONS = NO;
				ENABLE_STRICT_OBJC_MSGSEND = YES;
				GCC_C_LANGUAGE_STANDARD = gnu11;
				GCC_NO_COMMON_BLOCKS = YES;
				GCC_WARN_64_TO_32_BIT_CONVERSION = YES;
				GCC_WARN_ABOUT_RETURN_TYPE = YES_ERROR;
				GCC_WARN_UNDECLARED_SELECTOR = YES;
				GCC_WARN_UNINITIALIZED_AUTOS = YES_AGGRESSIVE;
				GCC_WARN_UNUSED_FUNCTION = YES;
				GCC_WARN_UNUSED_VARIABLE = YES;
				IPHONEOS_DEPLOYMENT_TARGET = 13.5;
				MTL_ENABLE_DEBUG_INFO = NO;
				MTL_FAST_MATH = YES;
				SDKROOT = iphoneos;
				SWIFT_COMPILATION_MODE = wholemodule;
				SWIFT_OPTIMIZATION_LEVEL = "-O";
				VALIDATE_PRODUCT = YES;
			};
			name = Release;
		};
		179298AC24DA28430019D9B1 /* Debug */ = {
			isa = XCBuildConfiguration;
			buildSettings = {
				ASSETCATALOG_COMPILER_APPICON_NAME = AppIcon;
				CODE_SIGN_STYLE = Automatic;
				DEVELOPMENT_TEAM = Z95JPCBA6F;
				INFOPLIST_FILE = SAEtOApp/Info.plist;
				LD_RUNPATH_SEARCH_PATHS = (
					"$(inherited)",
					"@executable_path/Frameworks",
				);
				PRODUCT_BUNDLE_IDENTIFIER = com.alexandracollins.SAEtOApp;
				PRODUCT_NAME = "$(TARGET_NAME)";
				SWIFT_VERSION = 5.0;
				TARGETED_DEVICE_FAMILY = "1,2";
			};
			name = Debug;
		};
		179298AD24DA28430019D9B1 /* Release */ = {
			isa = XCBuildConfiguration;
			buildSettings = {
				ASSETCATALOG_COMPILER_APPICON_NAME = AppIcon;
				CODE_SIGN_STYLE = Automatic;
				DEVELOPMENT_TEAM = Z95JPCBA6F;
				INFOPLIST_FILE = SAEtOApp/Info.plist;
				LD_RUNPATH_SEARCH_PATHS = (
					"$(inherited)",
					"@executable_path/Frameworks",
				);
				PRODUCT_BUNDLE_IDENTIFIER = com.alexandracollins.SAEtOApp;
				PRODUCT_NAME = "$(TARGET_NAME)";
				SWIFT_VERSION = 5.0;
				TARGETED_DEVICE_FAMILY = "1,2";
			};
			name = Release;
		};
/* End XCBuildConfiguration section */

/* Begin XCConfigurationList section */
		1792988F24DA28380019D9B1 /* Build configuration list for PBXProject "SAEtOApp" */ = {
			isa = XCConfigurationList;
			buildConfigurations = (
				179298A924DA28430019D9B1 /* Debug */,
				179298AA24DA28430019D9B1 /* Release */,
			);
			defaultConfigurationIsVisible = 0;
			defaultConfigurationName = Release;
		};
		179298AB24DA28430019D9B1 /* Build configuration list for PBXNativeTarget "SAEtOApp" */ = {
			isa = XCConfigurationList;
			buildConfigurations = (
				179298AC24DA28430019D9B1 /* Debug */,
				179298AD24DA28430019D9B1 /* Release */,
			);
			defaultConfigurationIsVisible = 0;
			defaultConfigurationName = Release;
		};
/* End XCConfigurationList section */

/* Begin XCVersionGroup section */
		179298A024DA28380019D9B1 /* SAEtOApp.xcdatamodeld */ = {
			isa = XCVersionGroup;
			children = (
				179298A124DA28380019D9B1 /* SAEtOApp.xcdatamodel */,
			);
			currentVersion = 179298A124DA28380019D9B1 /* SAEtOApp.xcdatamodel */;
			path = SAEtOApp.xcdatamodeld;
			sourceTree = "<group>";
			versionGroupType = wrapper.xcdatamodel;
		};
/* End XCVersionGroup section */
	};
	rootObject = 1792988C24DA28380019D9B1 /* Project object */;
}
